
Microsoft Visual Studio Solution File, Format Version 12.00
# Visual Studio Version 16
VisualStudioVersion = 16.0.31424.327
MinimumVisualStudioVersion = 10.0.40219.1
Project("{FAE04EC0-301F-11D3-BF4B-00C04F79EFBC}") = "Day one", "Day one\Day one.csproj", "{47553DCB-86FA-4DBE-B8AD-075466062361}"
EndProject
Global
	GlobalSection(SolutionConfigurationPlatforms) = preSolution
		Debug|Any CPU = Debug|Any CPU
		Release|Any CPU = Release|Any CPU
	EndGlobalSection
	GlobalSection(ProjectConfigurationPlatforms) = postSolution
		{47553DCB-86FA-4DBE-B8AD-075466062361}.Debug|Any CPU.ActiveCfg = Debug|Any CPU
		{47553DCB-86FA-4DBE-B8AD-075466062361}.Debug|Any CPU.Build.0 = Debug|Any CPU
		{47553DCB-86FA-4DBE-B8AD-075466062361}.Release|Any CPU.ActiveCfg = Release|Any CPU
		{47553DCB-86FA-4DBE-B8AD-075466062361}.Release|Any CPU.Build.0 = Release|Any CPU
	EndGlobalSection
	GlobalSection(SolutionProperties) = preSolution
		HideSolutionNode = FALSE
	EndGlobalSection
	GlobalSection(ExtensibilityGlobals) = postSolution
		SolutionGuid = {76764FC1-FF26-4412-91F8-6C8B8B87F66D}
	EndGlobalSection
EndGlobal
